
Microsoft Visual Studio Solution File, Format Version 12.00
# Visual Studio 14
VisualStudioVersion = 14.0.23107.0
MinimumVisualStudioVersion = 10.0.40219.1
Project("{FAE04EC0-301F-11D3-BF4B-00C04F79EFBC}") = "Helper", "Helper\Helper.csproj", "{D894A936-F081-4DE2-AD76-F40B5A6EEA92}"
EndProject
Project("{FAE04EC0-301F-11D3-BF4B-00C04F79EFBC}") = "HelperConsole", "HelperConsole\HelperConsole.csproj", "{8CADFE59-B2B6-4C32-8D4D-FA2B82283F94}"
EndProject
Project("{FAE04EC0-301F-11D3-BF4B-00C04F79EFBC}") = "HelperTest", "HelperTest\HelperTest.csproj", "{4E1A9403-00EC-414F-B21D-316518934120}"
EndProject
Global
	GlobalSection(SolutionConfigurationPlatforms) = preSolution
		Debug|Any CPU = Debug|Any CPU
		Release|Any CPU = Release|Any CPU
	EndGlobalSection
	GlobalSection(ProjectConfigurationPlatforms) = postSolution
		{D894A936-F081-4DE2-AD76-F40B5A6EEA92}.Debug|Any CPU.ActiveCfg = Debug|Any CPU
		{D894A936-F081-4DE2-AD76-F40B5A6EEA92}.Debug|Any CPU.Build.0 = Debug|Any CPU
		{D894A936-F081-4DE2-AD76-F40B5A6EEA92}.Release|Any CPU.ActiveCfg = Release|Any CPU
		{D894A936-F081-4DE2-AD76-F40B5A6EEA92}.Release|Any CPU.Build.0 = Release|Any CPU
		{8CADFE59-B2B6-4C32-8D4D-FA2B82283F94}.Debug|Any CPU.ActiveCfg = Debug|Any CPU
		{8CADFE59-B2B6-4C32-8D4D-FA2B82283F94}.Debug|Any CPU.Build.0 = Debug|Any CPU
		{8CADFE59-B2B6-4C32-8D4D-FA2B82283F94}.Release|Any CPU.ActiveCfg = Release|Any CPU
		{8CADFE59-B2B6-4C32-8D4D-FA2B82283F94}.Release|Any CPU.Build.0 = Release|Any CPU
		{4E1A9403-00EC-414F-B21D-316518934120}.Debug|Any CPU.ActiveCfg = Debug|Any CPU
		{4E1A9403-00EC-414F-B21D-316518934120}.Debug|Any CPU.Build.0 = Debug|Any CPU
		{4E1A9403-00EC-414F-B21D-316518934120}.Release|Any CPU.ActiveCfg = Release|Any CPU
		{4E1A9403-00EC-414F-B21D-316518934120}.Release|Any CPU.Build.0 = Release|Any CPU
	EndGlobalSection
	GlobalSection(SolutionProperties) = preSolution
		HideSolutionNode = FALSE
	EndGlobalSection
EndGlobal
